
Microsoft Visual Studio Solution File, Format Version 12.00
# Visual Studio 2013
VisualStudioVersion = 12.0.31101.0
MinimumVisualStudioVersion = 10.0.40219.1
Project("{2150E333-8FDC-42A3-9474-1A3956D46DE8}") = "Firmata", "Firmata", "{07A9FEA6-056A-4CC0-9861-B9FDC6962AF7}"
EndProject
Project("{8BC9CEB8-8B4A-11D0-8D11-00A0C91BC942}") = "Firmata.Shared", "Firmata\Firmata.Shared\Firmata.Shared.vcxitems", "{B167032F-A31B-43BA-9C94-EBDC0B0284D9}"
EndProject
Project("{8BC9CEB8-8B4A-11D0-8D11-00A0C91BC942}") = "Firmata.Windows", "Firmata\Firmata.Windows\Firmata.Windows.vcxproj", "{2688A305-EC1B-44CA-B947-8C05B4F74A22}"
EndProject
Project("{8BC9CEB8-8B4A-11D0-8D11-00A0C91BC942}") = "Firmata.WindowsPhone", "Firmata\Firmata.WindowsPhone\Firmata.WindowsPhone.vcxproj", "{3AF5EF55-FD5D-4129-9329-212BE1EA5E36}"
EndProject
Project("{2150E333-8FDC-42A3-9474-1A3956D46DE8}") = "Serial", "Serial", "{801F817C-30CB-49F0-890C-0450CFE8F884}"
EndProject
Project("{8BC9CEB8-8B4A-11D0-8D11-00A0C91BC942}") = "Serial.Shared", "Serial\Serial.Shared\Serial.Shared.vcxitems", "{12D793AC-828B-49AF-BC5A-F59BDFCAE622}"
EndProject
Project("{8BC9CEB8-8B4A-11D0-8D11-00A0C91BC942}") = "Serial.Windows", "Serial\Serial.Windows\Serial.Windows.vcxproj", "{76925022-6112-48C2-9B95-CE6ADE925078}"
EndProject
Project("{8BC9CEB8-8B4A-11D0-8D11-00A0C91BC942}") = "Serial.WindowsPhone", "Serial\Serial.WindowsPhone\Serial.WindowsPhone.vcxproj", "{15A091A7-2756-4318-B329-7C0D50607D99}"
EndProject
Project("{2150E333-8FDC-42A3-9474-1A3956D46DE8}") = "RemoteWiring", "RemoteWiring", "{64FCBDC9-354A-47B7-B49B-C20A26BFE08A}"
EndProject
Project("{8BC9CEB8-8B4A-11D0-8D11-00A0C91BC942}") = "RemoteWiring.Shared", "RemoteWiring\RemoteWiring.Shared\RemoteWiring.Shared.vcxitems", "{76DF747C-27D6-4443-A6D5-823FF59FF2A3}"
EndProject
Project("{8BC9CEB8-8B4A-11D0-8D11-00A0C91BC942}") = "RemoteWiring.Windows", "RemoteWiring\RemoteWiring.Windows\RemoteWiring.Windows.vcxproj", "{6E6C74E9-0D62-4F28-962A-EC286902BD6A}"
EndProject
Project("{8BC9CEB8-8B4A-11D0-8D11-00A0C91BC942}") = "RemoteWiring.WindowsPhone", "RemoteWiring\RemoteWiring.WindowsPhone\RemoteWiring.WindowsPhone.vcxproj", "{89766D59-C33B-4323-AD70-76304DD144D8}"
EndProject
Global
	GlobalSection(SharedMSBuildProjectFiles) = preSolution
		RemoteWiring\RemoteWiring.Shared\RemoteWiring.Shared.vcxitems*{6e6c74e9-0d62-4f28-962a-ec286902bd6a}*SharedItemsImports = 4
		RemoteWiring\RemoteWiring.Shared\RemoteWiring.Shared.vcxitems*{76df747c-27d6-4443-a6d5-823ff59ff2a3}*SharedItemsImports = 9
		Serial\Serial.Shared\Serial.Shared.vcxitems*{76925022-6112-48c2-9b95-ce6ade925078}*SharedItemsImports = 4
		Firmata\Firmata.Shared\Firmata.Shared.vcxitems*{3af5ef55-fd5d-4129-9329-212be1ea5e36}*SharedItemsImports = 4
		Firmata\Firmata.Shared\Firmata.Shared.vcxitems*{b167032f-a31b-43ba-9c94-ebdc0b0284d9}*SharedItemsImports = 9
		RemoteWiring\RemoteWiring.Shared\RemoteWiring.Shared.vcxitems*{89766d59-c33b-4323-ad70-76304dd144d8}*SharedItemsImports = 4
		Firmata\Firmata.Shared\Firmata.Shared.vcxitems*{2688a305-ec1b-44ca-b947-8c05b4f74a22}*SharedItemsImports = 4
		Serial\Serial.Shared\Serial.Shared.vcxitems*{15a091a7-2756-4318-b329-7c0d50607d99}*SharedItemsImports = 4
		Serial\Serial.Shared\Serial.Shared.vcxitems*{12d793ac-828b-49af-bc5a-f59bdfcae622}*SharedItemsImports = 9
	EndGlobalSection
	GlobalSection(SolutionConfigurationPlatforms) = preSolution
		Debug|Any CPU = Debug|Any CPU
		Debug|ARM = Debug|ARM
		Debug|Mixed Platforms = Debug|Mixed Platforms
		Debug|Win32 = Debug|Win32
		Debug|x64 = Debug|x64
		Debug|x86 = Debug|x86
		Release|Any CPU = Release|Any CPU
		Release|ARM = Release|ARM
		Release|Mixed Platforms = Release|Mixed Platforms
		Release|Win32 = Release|Win32
		Release|x64 = Release|x64
		Release|x86 = Release|x86
	EndGlobalSection
	GlobalSection(ProjectConfigurationPlatforms) = postSolution
		{2688A305-EC1B-44CA-B947-8C05B4F74A22}.Debug|Any CPU.ActiveCfg = Debug|Win32
		{2688A305-EC1B-44CA-B947-8C05B4F74A22}.Debug|ARM.ActiveCfg = Debug|ARM
		{2688A305-EC1B-44CA-B947-8C05B4F74A22}.Debug|ARM.Build.0 = Debug|ARM
		{2688A305-EC1B-44CA-B947-8C05B4F74A22}.Debug|Mixed Platforms.ActiveCfg = Debug|Win32
		{2688A305-EC1B-44CA-B947-8C05B4F74A22}.Debug|Mixed Platforms.Build.0 = Debug|Win32
		{2688A305-EC1B-44CA-B947-8C05B4F74A22}.Debug|Win32.ActiveCfg = Debug|Win32
		{2688A305-EC1B-44CA-B947-8C05B4F74A22}.Debug|Win32.Build.0 = Debug|Win32
		{2688A305-EC1B-44CA-B947-8C05B4F74A22}.Debug|x64.ActiveCfg = Debug|x64
		{2688A305-EC1B-44CA-B947-8C05B4F74A22}.Debug|x64.Build.0 = Debug|x64
		{2688A305-EC1B-44CA-B947-8C05B4F74A22}.Debug|x86.ActiveCfg = Debug|Win32
		{2688A305-EC1B-44CA-B947-8C05B4F74A22}.Debug|x86.Build.0 = Debug|Win32
		{2688A305-EC1B-44CA-B947-8C05B4F74A22}.Release|Any CPU.ActiveCfg = Release|Win32
		{2688A305-EC1B-44CA-B947-8C05B4F74A22}.Release|ARM.ActiveCfg = Release|ARM
		{2688A305-EC1B-44CA-B947-8C05B4F74A22}.Release|ARM.Build.0 = Release|ARM
		{2688A305-EC1B-44CA-B947-8C05B4F74A22}.Release|Mixed Platforms.ActiveCfg = Release|Win32
		{2688A305-EC1B-44CA-B947-8C05B4F74A22}.Release|Mixed Platforms.Build.0 = Release|Win32
		{2688A305-EC1B-44CA-B947-8C05B4F74A22}.Release|Win32.ActiveCfg = Release|Win32
		{2688A305-EC1B-44CA-B947-8C05B4F74A22}.Release|Win32.Build.0 = Release|Win32
		{2688A305-EC1B-44CA-B947-8C05B4F74A22}.Release|x64.ActiveCfg = Release|x64
		{2688A305-EC1B-44CA-B947-8C05B4F74A22}.Release|x64.Build.0 = Release|x64
		{2688A305-EC1B-44CA-B947-8C05B4F74A22}.Release|x86.ActiveCfg = Release|Win32
		{2688A305-EC1B-44CA-B947-8C05B4F74A22}.Release|x86.Build.0 = Release|Win32
		{3AF5EF55-FD5D-4129-9329-212BE1EA5E36}.Debug|Any CPU.ActiveCfg = Debug|Win32
		{3AF5EF55-FD5D-4129-9329-212BE1EA5E36}.Debug|ARM.ActiveCfg = Debug|ARM
		{3AF5EF55-FD5D-4129-9329-212BE1EA5E36}.Debug|ARM.Build.0 = Debug|ARM
		{3AF5EF55-FD5D-4129-9329-212BE1EA5E36}.Debug|Mixed Platforms.ActiveCfg = Debug|Win32
		{3AF5EF55-FD5D-4129-9329-212BE1EA5E36}.Debug|Mixed Platforms.Build.0 = Debug|Win32
		{3AF5EF55-FD5D-4129-9329-212BE1EA5E36}.Debug|Win32.ActiveCfg = Debug|ARM
		{3AF5EF55-FD5D-4129-9329-212BE1EA5E36}.Debug|Win32.Build.0 = Debug|ARM
		{3AF5EF55-FD5D-4129-9329-212BE1EA5E36}.Debug|x64.ActiveCfg = Debug|ARM
		{3AF5EF55-FD5D-4129-9329-212BE1EA5E36}.Debug|x64.Build.0 = Debug|ARM
		{3AF5EF55-FD5D-4129-9329-212BE1EA5E36}.Debug|x86.ActiveCfg = Debug|Win32
		{3AF5EF55-FD5D-4129-9329-212BE1EA5E36}.Debug|x86.Build.0 = Debug|Win32
		{3AF5EF55-FD5D-4129-9329-212BE1EA5E36}.Release|Any CPU.ActiveCfg = Release|Win32
		{3AF5EF55-FD5D-4129-9329-212BE1EA5E36}.Release|ARM.ActiveCfg = Release|ARM
		{3AF5EF55-FD5D-4129-9329-212BE1EA5E36}.Release|ARM.Build.0 = Release|ARM
		{3AF5EF55-FD5D-4129-9329-212BE1EA5E36}.Release|Mixed Platforms.ActiveCfg = Release|Win32
		{3AF5EF55-FD5D-4129-9329-212BE1EA5E36}.Release|Mixed Platforms.Build.0 = Release|Win32
		{3AF5EF55-FD5D-4129-9329-212BE1EA5E36}.Release|Win32.ActiveCfg = Release|Win32
		{3AF5EF55-FD5D-4129-9329-212BE1EA5E36}.Release|Win32.Build.0 = Release|Win32
		{3AF5EF55-FD5D-4129-9329-212BE1EA5E36}.Release|x64.ActiveCfg = Release|Win32
		{3AF5EF55-FD5D-4129-9329-212BE1EA5E36}.Release|x86.ActiveCfg = Release|Win32
		{3AF5EF55-FD5D-4129-9329-212BE1EA5E36}.Release|x86.Build.0 = Release|Win32
		{76925022-6112-48C2-9B95-CE6ADE925078}.Debug|Any CPU.ActiveCfg = Debug|Win32
		{76925022-6112-48C2-9B95-CE6ADE925078}.Debug|ARM.ActiveCfg = Debug|ARM
		{76925022-6112-48C2-9B95-CE6ADE925078}.Debug|ARM.Build.0 = Debug|ARM
		{76925022-6112-48C2-9B95-CE6ADE925078}.Debug|Mixed Platforms.ActiveCfg = Debug|Win32
		{76925022-6112-48C2-9B95-CE6ADE925078}.Debug|Mixed Platforms.Build.0 = Debug|Win32
		{76925022-6112-48C2-9B95-CE6ADE925078}.Debug|Win32.ActiveCfg = Debug|Win32
		{76925022-6112-48C2-9B95-CE6ADE925078}.Debug|Win32.Build.0 = Debug|Win32
		{76925022-6112-48C2-9B95-CE6ADE925078}.Debug|x64.ActiveCfg = Debug|x64
		{76925022-6112-48C2-9B95-CE6ADE925078}.Debug|x64.Build.0 = Debug|x64
		{76925022-6112-48C2-9B95-CE6ADE925078}.Debug|x86.ActiveCfg = Debug|Win32
		{76925022-6112-48C2-9B95-CE6ADE925078}.Debug|x86.Build.0 = Debug|Win32
		{76925022-6112-48C2-9B95-CE6ADE925078}.Release|Any CPU.ActiveCfg = Release|Win32
		{76925022-6112-48C2-9B95-CE6ADE925078}.Release|ARM.ActiveCfg = Release|ARM
		{76925022-6112-48C2-9B95-CE6ADE925078}.Release|ARM.Build.0 = Release|ARM
		{76925022-6112-48C2-9B95-CE6ADE925078}.Release|Mixed Platforms.ActiveCfg = Release|Win32
		{76925022-6112-48C2-9B95-CE6ADE925078}.Release|Mixed Platforms.Build.0 = Release|Win32
		{76925022-6112-48C2-9B95-CE6ADE925078}.Release|Win32.ActiveCfg = Release|Win32
		{76925022-6112-48C2-9B95-CE6ADE925078}.Release|Win32.Build.0 = Release|Win32
		{76925022-6112-48C2-9B95-CE6ADE925078}.Release|x64.ActiveCfg = Release|x64
		{76925022-6112-48C2-9B95-CE6ADE925078}.Release|x64.Build.0 = Release|x64
		{76925022-6112-48C2-9B95-CE6ADE925078}.Release|x86.ActiveCfg = Release|Win32
		{76925022-6112-48C2-9B95-CE6ADE925078}.Release|x86.Build.0 = Release|Win32
		{15A091A7-2756-4318-B329-7C0D50607D99}.Debug|Any CPU.ActiveCfg = Debug|Win32
		{15A091A7-2756-4318-B329-7C0D50607D99}.Debug|ARM.ActiveCfg = Debug|ARM
		{15A091A7-2756-4318-B329-7C0D50607D99}.Debug|ARM.Build.0 = Debug|ARM
		{15A091A7-2756-4318-B329-7C0D50607D99}.Debug|Mixed Platforms.ActiveCfg = Debug|Win32
		{15A091A7-2756-4318-B329-7C0D50607D99}.Debug|Mixed Platforms.Build.0 = Debug|Win32
		{15A091A7-2756-4318-B329-7C0D50607D99}.Debug|Win32.ActiveCfg = Debug|ARM
		{15A091A7-2756-4318-B329-7C0D50607D99}.Debug|Win32.Build.0 = Debug|ARM
		{15A091A7-2756-4318-B329-7C0D50607D99}.Debug|x64.ActiveCfg = Debug|ARM
		{15A091A7-2756-4318-B329-7C0D50607D99}.Debug|x64.Build.0 = Debug|ARM
		{15A091A7-2756-4318-B329-7C0D50607D99}.Debug|x86.ActiveCfg = Debug|Win32
		{15A091A7-2756-4318-B329-7C0D50607D99}.Debug|x86.Build.0 = Debug|Win32
		{15A091A7-2756-4318-B329-7C0D50607D99}.Release|Any CPU.ActiveCfg = Release|Win32
		{15A091A7-2756-4318-B329-7C0D50607D99}.Release|ARM.ActiveCfg = Release|ARM
		{15A091A7-2756-4318-B329-7C0D50607D99}.Release|ARM.Build.0 = Release|ARM
		{15A091A7-2756-4318-B329-7C0D50607D99}.Release|Mixed Platforms.ActiveCfg = Release|Win32
		{15A091A7-2756-4318-B329-7C0D50607D99}.Release|Mixed Platforms.Build.0 = Release|Win32
		{15A091A7-2756-4318-B329-7C0D50607D99}.Release|Win32.ActiveCfg = Release|Win32
		{15A091A7-2756-4318-B329-7C0D50607D99}.Release|Win32.Build.0 = Release|Win32
		{15A091A7-2756-4318-B329-7C0D50607D99}.Release|x64.ActiveCfg = Release|Win32
		{15A091A7-2756-4318-B329-7C0D50607D99}.Release|x86.ActiveCfg = Release|Win32
		{15A091A7-2756-4318-B329-7C0D50607D99}.Release|x86.Build.0 = Release|Win32
		{6E6C74E9-0D62-4F28-962A-EC286902BD6A}.Debug|Any CPU.ActiveCfg = Debug|Win32
		{6E6C74E9-0D62-4F28-962A-EC286902BD6A}.Debug|ARM.ActiveCfg = Debug|ARM
		{6E6C74E9-0D62-4F28-962A-EC286902BD6A}.Debug|ARM.Build.0 = Debug|ARM
		{6E6C74E9-0D62-4F28-962A-EC286902BD6A}.Debug|Mixed Platforms.ActiveCfg = Debug|Win32
		{6E6C74E9-0D62-4F28-962A-EC286902BD6A}.Debug|Mixed Platforms.Build.0 = Debug|Win32
		{6E6C74E9-0D62-4F28-962A-EC286902BD6A}.Debug|Win32.ActiveCfg = Debug|Win32
		{6E6C74E9-0D62-4F28-962A-EC286902BD6A}.Debug|Win32.Build.0 = Debug|Win32
		{6E6C74E9-0D62-4F28-962A-EC286902BD6A}.Debug|x64.ActiveCfg = Debug|x64
		{6E6C74E9-0D62-4F28-962A-EC286902BD6A}.Debug|x64.Build.0 = Debug|x64
		{6E6C74E9-0D62-4F28-962A-EC286902BD6A}.Debug|x86.ActiveCfg = Debug|Win32
		{6E6C74E9-0D62-4F28-962A-EC286902BD6A}.Debug|x86.Build.0 = Debug|Win32
		{6E6C74E9-0D62-4F28-962A-EC286902BD6A}.Release|Any CPU.ActiveCfg = Release|Win32
		{6E6C74E9-0D62-4F28-962A-EC286902BD6A}.Release|ARM.ActiveCfg = Release|ARM
		{6E6C74E9-0D62-4F28-962A-EC286902BD6A}.Release|ARM.Build.0 = Release|ARM
		{6E6C74E9-0D62-4F28-962A-EC286902BD6A}.Release|Mixed Platforms.ActiveCfg = Release|Win32
		{6E6C74E9-0D62-4F28-962A-EC286902BD6A}.Release|Mixed Platforms.Build.0 = Release|Win32
		{6E6C74E9-0D62-4F28-962A-EC286902BD6A}.Release|Win32.ActiveCfg = Release|Win32
		{6E6C74E9-0D62-4F28-962A-EC286902BD6A}.Release|Win32.Build.0 = Release|Win32
		{6E6C74E9-0D62-4F28-962A-EC286902BD6A}.Release|x64.ActiveCfg = Release|x64
		{6E6C74E9-0D62-4F28-962A-EC286902BD6A}.Release|x64.Build.0 = Release|x64
		{6E6C74E9-0D62-4F28-962A-EC286902BD6A}.Release|x86.ActiveCfg = Release|Win32
		{6E6C74E9-0D62-4F28-962A-EC286902BD6A}.Release|x86.Build.0 = Release|Win32
		{89766D59-C33B-4323-AD70-76304DD144D8}.Debug|Any CPU.ActiveCfg = Debug|Win32
		{89766D59-C33B-4323-AD70-76304DD144D8}.Debug|ARM.ActiveCfg = Debug|ARM
		{89766D59-C33B-4323-AD70-76304DD144D8}.Debug|ARM.Build.0 = Debug|ARM
		{89766D59-C33B-4323-AD70-76304DD144D8}.Debug|Mixed Platforms.ActiveCfg = Debug|Win32
		{89766D59-C33B-4323-AD70-76304DD144D8}.Debug|Mixed Platforms.Build.0 = Debug|Win32
		{89766D59-C33B-4323-AD70-76304DD144D8}.Debug|Win32.ActiveCfg = Debug|ARM
		{89766D59-C33B-4323-AD70-76304DD144D8}.Debug|Win32.Build.0 = Debug|ARM
		{89766D59-C33B-4323-AD70-76304DD144D8}.Debug|x64.ActiveCfg = Debug|ARM
		{89766D59-C33B-4323-AD70-76304DD144D8}.Debug|x64.Build.0 = Debug|ARM
		{89766D59-C33B-4323-AD70-76304DD144D8}.Debug|x86.ActiveCfg = Debug|Win32
		{89766D59-C33B-4323-AD70-76304DD144D8}.Debug|x86.Build.0 = Debug|Win32
		{89766D59-C33B-4323-AD70-76304DD144D8}.Release|Any CPU.ActiveCfg = Release|Win32
		{89766D59-C33B-4323-AD70-76304DD144D8}.Release|ARM.ActiveCfg = Release|ARM
		{89766D59-C33B-4323-AD70-76304DD144D8}.Release|ARM.Build.0 = Release|ARM
		{89766D59-C33B-4323-AD70-76304DD144D8}.Release|Mixed Platforms.ActiveCfg = Release|Win32
		{89766D59-C33B-4323-AD70-76304DD144D8}.Release|Mixed Platforms.Build.0 = Release|Win32
		{89766D59-C33B-4323-AD70-76304DD144D8}.Release|Win32.ActiveCfg = Release|Win32
		{89766D59-C33B-4323-AD70-76304DD144D8}.Release|Win32.Build.0 = Release|Win32
		{89766D59-C33B-4323-AD70-76304DD144D8}.Release|x64.ActiveCfg = Release|Win32
		{89766D59-C33B-4323-AD70-76304DD144D8}.Release|x86.ActiveCfg = Release|Win32
		{89766D59-C33B-4323-AD70-76304DD144D8}.Release|x86.Build.0 = Release|Win32
	EndGlobalSection
	GlobalSection(SolutionProperties) = preSolution
		HideSolutionNode = FALSE
	EndGlobalSection
	GlobalSection(NestedProjects) = preSolution
		{B167032F-A31B-43BA-9C94-EBDC0B0284D9} = {07A9FEA6-056A-4CC0-9861-B9FDC6962AF7}
		{2688A305-EC1B-44CA-B947-8C05B4F74A22} = {07A9FEA6-056A-4CC0-9861-B9FDC6962AF7}
		{3AF5EF55-FD5D-4129-9329-212BE1EA5E36} = {07A9FEA6-056A-4CC0-9861-B9FDC6962AF7}
		{12D793AC-828B-49AF-BC5A-F59BDFCAE622} = {801F817C-30CB-49F0-890C-0450CFE8F884}
		{76925022-6112-48C2-9B95-CE6ADE925078} = {801F817C-30CB-49F0-890C-0450CFE8F884}
		{15A091A7-2756-4318-B329-7C0D50607D99} = {801F817C-30CB-49F0-890C-0450CFE8F884}
		{76DF747C-27D6-4443-A6D5-823FF59FF2A3} = {64FCBDC9-354A-47B7-B49B-C20A26BFE08A}
		{6E6C74E9-0D62-4F28-962A-EC286902BD6A} = {64FCBDC9-354A-47B7-B49B-C20A26BFE08A}
		{89766D59-C33B-4323-AD70-76304DD144D8} = {64FCBDC9-354A-47B7-B49B-C20A26BFE08A}
	EndGlobalSection
EndGlobal
